
Microsoft Visual Studio Solution File, Format Version 12.00
# Visual Studio 14
VisualStudioVersion = 14.0.24720.0
MinimumVisualStudioVersion = 10.0.40219.1
Project("{FAE04EC0-301F-11D3-BF4B-00C04F79EFBC}") = "visualuiaverify", "Tools\visualuiverify\visualuiaverify.csproj", "{136560B3-A744-4442-92FB-3556CA6098CC}"
	ProjectSection(ProjectDependencies) = postProject
		{BA696918-C287-441E-B40A-8CEC5A7217F8} = {BA696918-C287-441E-B40A-8CEC5A7217F8}
		{EF563732-17B0-4B32-B14C-903A65862DF6} = {EF563732-17B0-4B32-B14C-903A65862DF6}
		{7F4B9045-8FEF-4875-8EA8-DD8091288E2B} = {7F4B9045-8FEF-4875-8EA8-DD8091288E2B}
		{59A1D0ED-DA1A-4496-9FF5-2E2417E16AAC} = {59A1D0ED-DA1A-4496-9FF5-2E2417E16AAC}
	EndProjectSection
EndProject
Project("{FAE04EC0-301F-11D3-BF4B-00C04F79EFBC}") = "uialogging", "uialogging\uialogging.csproj", "{7F4B9045-8FEF-4875-8EA8-DD8091288E2B}"
EndProject
Project("{FAE04EC0-301F-11D3-BF4B-00C04F79EFBC}") = "uialoggingxml", "uialoggingxml\uialoggingxml.csproj", "{BA696918-C287-441E-B40A-8CEC5A7217F8}"
	ProjectSection(ProjectDependencies) = postProject
		{7F4B9045-8FEF-4875-8EA8-DD8091288E2B} = {7F4B9045-8FEF-4875-8EA8-DD8091288E2B}
	EndProjectSection
EndProject
Project("{FAE04EC0-301F-11D3-BF4B-00C04F79EFBC}") = "UIATestLibrary", "UIATestLibrary\UIATestLibrary.csproj", "{EF563732-17B0-4B32-B14C-903A65862DF6}"
	ProjectSection(ProjectDependencies) = postProject
		{7F4B9045-8FEF-4875-8EA8-DD8091288E2B} = {7F4B9045-8FEF-4875-8EA8-DD8091288E2B}
	EndProjectSection
EndProject
Project("{FAE04EC0-301F-11D3-BF4B-00C04F79EFBC}") = "SampleDriver", "SampleDriver\SampleDriver.csproj", "{2774E82D-D3DA-4849-B762-F36FCF004261}"
	ProjectSection(ProjectDependencies) = postProject
		{59A1D0ED-DA1A-4496-9FF5-2E2417E16AAC} = {59A1D0ED-DA1A-4496-9FF5-2E2417E16AAC}
	EndProjectSection
EndProject
Project("{FAE04EC0-301F-11D3-BF4B-00C04F79EFBC}") = "IQueryString", "IQueryString\IQueryString.csproj", "{59A1D0ED-DA1A-4496-9FF5-2E2417E16AAC}"
EndProject
Project("{FAE04EC0-301F-11D3-BF4B-00C04F79EFBC}") = "VisualUiaVerify.Integration", "VisualUiaVerify.Integration\VisualUiaVerify.Integration.csproj", "{F260B3A8-C011-4C12-9E40-475FF1087C6F}"
EndProject
Global
	GlobalSection(SolutionConfigurationPlatforms) = preSolution
		Debug|Any CPU = Debug|Any CPU
		Release|Any CPU = Release|Any CPU
	EndGlobalSection
	GlobalSection(ProjectConfigurationPlatforms) = postSolution
		{136560B3-A744-4442-92FB-3556CA6098CC}.Debug|Any CPU.ActiveCfg = Debug|Any CPU
		{136560B3-A744-4442-92FB-3556CA6098CC}.Debug|Any CPU.Build.0 = Debug|Any CPU
		{136560B3-A744-4442-92FB-3556CA6098CC}.Release|Any CPU.ActiveCfg = Release|Any CPU
		{136560B3-A744-4442-92FB-3556CA6098CC}.Release|Any CPU.Build.0 = Release|Any CPU
		{7F4B9045-8FEF-4875-8EA8-DD8091288E2B}.Debug|Any CPU.ActiveCfg = Debug|Any CPU
		{7F4B9045-8FEF-4875-8EA8-DD8091288E2B}.Debug|Any CPU.Build.0 = Debug|Any CPU
		{7F4B9045-8FEF-4875-8EA8-DD8091288E2B}.Release|Any CPU.ActiveCfg = Release|Any CPU
		{7F4B9045-8FEF-4875-8EA8-DD8091288E2B}.Release|Any CPU.Build.0 = Release|Any CPU
		{BA696918-C287-441E-B40A-8CEC5A7217F8}.Debug|Any CPU.ActiveCfg = Debug|Any CPU
		{BA696918-C287-441E-B40A-8CEC5A7217F8}.Debug|Any CPU.Build.0 = Debug|Any CPU
		{BA696918-C287-441E-B40A-8CEC5A7217F8}.Release|Any CPU.ActiveCfg = Release|Any CPU
		{BA696918-C287-441E-B40A-8CEC5A7217F8}.Release|Any CPU.Build.0 = Release|Any CPU
		{EF563732-17B0-4B32-B14C-903A65862DF6}.Debug|Any CPU.ActiveCfg = Debug|Any CPU
		{EF563732-17B0-4B32-B14C-903A65862DF6}.Debug|Any CPU.Build.0 = Debug|Any CPU
		{EF563732-17B0-4B32-B14C-903A65862DF6}.Release|Any CPU.ActiveCfg = Release|Any CPU
		{EF563732-17B0-4B32-B14C-903A65862DF6}.Release|Any CPU.Build.0 = Release|Any CPU
		{2774E82D-D3DA-4849-B762-F36FCF004261}.Debug|Any CPU.ActiveCfg = Debug|Any CPU
		{2774E82D-D3DA-4849-B762-F36FCF004261}.Debug|Any CPU.Build.0 = Debug|Any CPU
		{2774E82D-D3DA-4849-B762-F36FCF004261}.Release|Any CPU.ActiveCfg = Release|Any CPU
		{2774E82D-D3DA-4849-B762-F36FCF004261}.Release|Any CPU.Build.0 = Release|Any CPU
		{59A1D0ED-DA1A-4496-9FF5-2E2417E16AAC}.Debug|Any CPU.ActiveCfg = Release|Any CPU
		{59A1D0ED-DA1A-4496-9FF5-2E2417E16AAC}.Debug|Any CPU.Build.0 = Release|Any CPU
		{59A1D0ED-DA1A-4496-9FF5-2E2417E16AAC}.Release|Any CPU.ActiveCfg = Release|Any CPU
		{59A1D0ED-DA1A-4496-9FF5-2E2417E16AAC}.Release|Any CPU.Build.0 = Release|Any CPU
		{F260B3A8-C011-4C12-9E40-475FF1087C6F}.Debug|Any CPU.ActiveCfg = Debug|Any CPU
		{F260B3A8-C011-4C12-9E40-475FF1087C6F}.Debug|Any CPU.Build.0 = Debug|Any CPU
		{F260B3A8-C011-4C12-9E40-475FF1087C6F}.Release|Any CPU.ActiveCfg = Release|Any CPU
		{F260B3A8-C011-4C12-9E40-475FF1087C6F}.Release|Any CPU.Build.0 = Release|Any CPU
	EndGlobalSection
	GlobalSection(SolutionProperties) = preSolution
		HideSolutionNode = FALSE
	EndGlobalSection
EndGlobal
